
Microsoft Visual Studio Solution File, Format Version 12.00
# Visual Studio Version 16
VisualStudioVersion = 16.0.31229.75
MinimumVisualStudioVersion = 10.0.40219.1
Project("{9A19103F-16F7-4668-BE54-9A1E7A4F7556}") = "0_Plugin", "0_Plugin\0_Plugin.csproj", "{294CA12B-B894-4022-8F38-BF01402B82FD}"
EndProject
Project("{9A19103F-16F7-4668-BE54-9A1E7A4F7556}") = "Programmentwurf_BankingApi_Tests", "Programmentwurf_BankingApi_Tests\Programmentwurf_BankingApi_Tests.csproj", "{7052F9E4-DF64-47A1-A847-D47BBE1FB036}"
EndProject
Project("{9A19103F-16F7-4668-BE54-9A1E7A4F7556}") = "Programmentwurf_Banking_Client", "Programmentwurf_Banking_Client\Programmentwurf_Banking_Client.csproj", "{55874CAF-822A-4F29-8E20-2067D7962027}"
EndProject
Project("{9A19103F-16F7-4668-BE54-9A1E7A4F7556}") = "1_Adapter", "1_Adapter\1_Adapter.csproj", "{D50E533E-7652-43FC-B8A9-BC509CF897BB}"
EndProject
Project("{9A19103F-16F7-4668-BE54-9A1E7A4F7556}") = "3_Domain", "3_Domain\3_Domain.csproj", "{F76B59F5-1374-4235-915E-F706CF532E7A}"
EndProject
Global
	GlobalSection(SolutionConfigurationPlatforms) = preSolution
		Debug|Any CPU = Debug|Any CPU
		Release|Any CPU = Release|Any CPU
	EndGlobalSection
	GlobalSection(ProjectConfigurationPlatforms) = postSolution
		{294CA12B-B894-4022-8F38-BF01402B82FD}.Debug|Any CPU.ActiveCfg = Debug|Any CPU
		{294CA12B-B894-4022-8F38-BF01402B82FD}.Debug|Any CPU.Build.0 = Debug|Any CPU
		{294CA12B-B894-4022-8F38-BF01402B82FD}.Release|Any CPU.ActiveCfg = Release|Any CPU
		{294CA12B-B894-4022-8F38-BF01402B82FD}.Release|Any CPU.Build.0 = Release|Any CPU
		{7052F9E4-DF64-47A1-A847-D47BBE1FB036}.Debug|Any CPU.ActiveCfg = Debug|Any CPU
		{7052F9E4-DF64-47A1-A847-D47BBE1FB036}.Debug|Any CPU.Build.0 = Debug|Any CPU
		{7052F9E4-DF64-47A1-A847-D47BBE1FB036}.Release|Any CPU.ActiveCfg = Release|Any CPU
		{7052F9E4-DF64-47A1-A847-D47BBE1FB036}.Release|Any CPU.Build.0 = Release|Any CPU
		{55874CAF-822A-4F29-8E20-2067D7962027}.Debug|Any CPU.ActiveCfg = Debug|Any CPU
		{55874CAF-822A-4F29-8E20-2067D7962027}.Debug|Any CPU.Build.0 = Debug|Any CPU
		{55874CAF-822A-4F29-8E20-2067D7962027}.Release|Any CPU.ActiveCfg = Release|Any CPU
		{55874CAF-822A-4F29-8E20-2067D7962027}.Release|Any CPU.Build.0 = Release|Any CPU
		{D50E533E-7652-43FC-B8A9-BC509CF897BB}.Debug|Any CPU.ActiveCfg = Debug|Any CPU
		{D50E533E-7652-43FC-B8A9-BC509CF897BB}.Debug|Any CPU.Build.0 = Debug|Any CPU
		{D50E533E-7652-43FC-B8A9-BC509CF897BB}.Release|Any CPU.ActiveCfg = Release|Any CPU
		{D50E533E-7652-43FC-B8A9-BC509CF897BB}.Release|Any CPU.Build.0 = Release|Any CPU
		{F76B59F5-1374-4235-915E-F706CF532E7A}.Debug|Any CPU.ActiveCfg = Debug|Any CPU
		{F76B59F5-1374-4235-915E-F706CF532E7A}.Debug|Any CPU.Build.0 = Debug|Any CPU
		{F76B59F5-1374-4235-915E-F706CF532E7A}.Release|Any CPU.ActiveCfg = Release|Any CPU
		{F76B59F5-1374-4235-915E-F706CF532E7A}.Release|Any CPU.Build.0 = Release|Any CPU
	EndGlobalSection
	GlobalSection(SolutionProperties) = preSolution
		HideSolutionNode = FALSE
	EndGlobalSection
	GlobalSection(ExtensibilityGlobals) = postSolution
		SolutionGuid = {D19762A1-7364-45D3-8979-C5935FE4F9D7}
	EndGlobalSection
EndGlobal
